{
  "requires": true,
  "lockfileVersion": 1,
  "dependencies": {
    "coffeescript": {
      "version": "2.4.1",
      "resolved": "https://registry.npmjs.org/coffeescript/-/coffeescript-2.4.1.tgz",
      "integrity": "sha512-34GV1aHrsMpTaO3KfMJL40ZNuvKDR/g98THHnE9bQj8HjMaZvSrLik99WWqyMhRtbe8V5hpx5iLgdcSvM/S2wg==",
      "dev": true
    },
    "cson": {
      "version": "6.7.0",
      "resolved": "https://registry.npmjs.org/cson/-/cson-6.7.0.tgz",
      "integrity": "sha512-QSFhOBsIOToVTjYUtRyj6dtXh80/zo/abWKQLoNslx4FfKL3FpzZbHGQvu6v8DLFlz+cpO6KlxjkryzlO9JmAQ==",
      "dev": true,
      "requires": {
        "coffeescript": "^2.4.1",
        "cson-parser": "^4.0.3",
        "extract-opts": "^4.1.0",
        "requirefresh": "^3.1.0",
        "safefs": "^5.3.0"
      }
    },
    "cson-parser": {
      "version": "4.0.3",
      "resolved": "https://registry.npmjs.org/cson-parser/-/cson-parser-4.0.3.tgz",
      "integrity": "sha512-XPTdQS67siTCJrbwYAWSzbPUKlqFUYa8NBWq0tniDDcKGmb43J7PDOZ8JP0oJVGW7KRg+goXff6EJzP3wowTPw==",
      "dev": true,
      "requires": {
        "coffeescript": "^1.10.0"
      },
      "dependencies": {
        "coffeescript": {
          "version": "1.12.7",
          "resolved": "https://registry.npmjs.org/coffeescript/-/coffeescript-1.12.7.tgz",
          "integrity": "sha512-pLXHFxQMPklVoEekowk8b3erNynC+DVJzChxS/LCBBgR6/8AJkHivkm//zbowcfc7BTCAjryuhx6gPqPRfsFoA==",
          "dev": true
        }
      }
    },
    "eachr": {
      "version": "4.4.0",
      "resolved": "https://registry.npmjs.org/eachr/-/eachr-4.4.0.tgz",
      "integrity": "sha512-QiydM49YD8Mql/wMH8KsDmpjhnkQYBHUDa2J9d0WN6KG1H+uubi7exDaNsI0aPo9MeROODXkTAwf2Ss5+fP9jw==",
      "dev": true,
      "requires": {
        "typechecker": "^5.1.0"
      }
    },
    "extract-opts": {
      "version": "4.2.0",
      "resolved": "https://registry.npmjs.org/extract-opts/-/extract-opts-4.2.0.tgz",
      "integrity": "sha512-pIYBHaqvWm3qEn0dCqrOXQpC9ee7bVJuhs9RzyAa2wj3E/1/cRs+k/dg75PPbtoc1HmSaBfvvYRxLo9djXDECQ==",
      "dev": true,
      "requires": {
        "eachr": "^4.4.0",
        "typechecker": "^5.1.0"
      }
    },
    "fs-extra": {
      "version": "8.1.0",
      "resolved": "https://registry.npmjs.org/fs-extra/-/fs-extra-8.1.0.tgz",
      "integrity": "sha512-yhlQgA6mnOJUKOsRUFsgJdQCvkKhcz8tlZG5HBQfReYZy46OwLcY+Zia0mtdHsOo9y/hP+CxMN0TU9QxoOtG4g==",
      "dev": true,
      "requires": {
        "graceful-fs": "^4.2.0",
        "jsonfile": "^4.0.0",
        "universalify": "^0.1.0"
      }
    },
    "graceful-fs": {
      "version": "4.2.3",
      "resolved": "https://registry.npmjs.org/graceful-fs/-/graceful-fs-4.2.3.tgz",
      "integrity": "sha512-a30VEBm4PEdx1dRB7MFK7BejejvCvBronbLjht+sHuGYj8PHs7M/5Z+rt5lw551vZ7yfTCj4Vuyy3mSJytDWRQ==",
      "dev": true
    },
    "jsonfile": {
      "version": "4.0.0",
      "resolved": "https://registry.npmjs.org/jsonfile/-/jsonfile-4.0.0.tgz",
      "integrity": "sha1-h3Gq4HmbZAdrdmQPygWPnBDjPss=",
      "dev": true,
      "requires": {
        "graceful-fs": "^4.1.6"
      }
    },
    "requirefresh": {
      "version": "3.2.0",
      "resolved": "https://registry.npmjs.org/requirefresh/-/requirefresh-3.2.0.tgz",
      "integrity": "sha512-3ZxgB1I4xt1LtJeTroHJTv3NWUhc8TJAZBpsAFtXUj474tWxYfcjTr0BI7199Yt0rs3Jb1BmVZ67cFYjW7PIWg==",
      "dev": true
    },
    "safefs": {
      "version": "5.4.0",
      "resolved": "https://registry.npmjs.org/safefs/-/safefs-5.4.0.tgz",
      "integrity": "sha512-GPtiWfschsrHy6FOmBiJV1WyKQfAkFcW/HsxCqZDGOOH2h87Rx9+qPnpdBhIfleDtJOrSAuYJFCumaq/PAt/jg==",
      "dev": true,
      "requires": {
        "graceful-fs": "^4.2.3"
      }
    },
    "typechecker": {
      "version": "5.2.0",
      "resolved": "https://registry.npmjs.org/typechecker/-/typechecker-5.2.0.tgz",
      "integrity": "sha512-9DQNYzPE9fDJLdh9gBT6pf9359PxZxpBTA/NePMJBTf3GktXSfmmcBSIiwT4UfTj+1IkPeRvZhQfm6pAMpYPQQ==",
      "dev": true
    },
    "universalify": {
      "version": "0.1.2",
      "resolved": "https://registry.npmjs.org/universalify/-/universalify-0.1.2.tgz",
      "integrity": "sha512-rBJeI5CXAlmy1pV+617WB9J63U6XcazHHF2f2dbJix4XzpUF0RS3Zbj0FGIOCAva5P/d/GBOYaACQ1w+0azUkg==",
      "dev": true
    }
  }
}
